
Microsoft Visual Studio Solution File, Format Version 12.00
# Visual Studio Version 16
VisualStudioVersion = 16.0.29519.181
MinimumVisualStudioVersion = 10.0.40219.1
Project("{FAE04EC0-301F-11D3-BF4B-00C04F79EFBC}") = "ConsoleApp15", "ConsoleApp15\ConsoleApp15.csproj", "{00B2D401-28FA-478D-AC50-DEF411120B90}"
EndProject
Global
	GlobalSection(SolutionConfigurationPlatforms) = preSolution
		Debug|Any CPU = Debug|Any CPU
		Release|Any CPU = Release|Any CPU
	EndGlobalSection
	GlobalSection(ProjectConfigurationPlatforms) = postSolution
		{00B2D401-28FA-478D-AC50-DEF411120B90}.Debug|Any CPU.ActiveCfg = Debug|Any CPU
		{00B2D401-28FA-478D-AC50-DEF411120B90}.Debug|Any CPU.Build.0 = Debug|Any CPU
		{00B2D401-28FA-478D-AC50-DEF411120B90}.Release|Any CPU.ActiveCfg = Release|Any CPU
		{00B2D401-28FA-478D-AC50-DEF411120B90}.Release|Any CPU.Build.0 = Release|Any CPU
	EndGlobalSection
	GlobalSection(SolutionProperties) = preSolution
		HideSolutionNode = FALSE
	EndGlobalSection
	GlobalSection(ExtensibilityGlobals) = postSolution
		SolutionGuid = {81FBFD35-14E8-4C06-B785-D34D19BA9EBA}
	EndGlobalSection
EndGlobal
