
Microsoft Visual Studio Solution File, Format Version 12.00
# Visual Studio Version 17
VisualStudioVersion = 17.0.31912.275
MinimumVisualStudioVersion = 10.0.40219.1
Project("{FAE04EC0-301F-11D3-BF4B-00C04F79EFBC}") = "TestProject1", "TestProject1\TestProject1.csproj", "{717E37D8-E829-4B08-ABC9-66A7CC024844}"
EndProject
Global
	GlobalSection(SolutionConfigurationPlatforms) = preSolution
		Debug|Any CPU = Debug|Any CPU
		Release|Any CPU = Release|Any CPU
	EndGlobalSection
	GlobalSection(ProjectConfigurationPlatforms) = postSolution
		{717E37D8-E829-4B08-ABC9-66A7CC024844}.Debug|Any CPU.ActiveCfg = Debug|Any CPU
		{717E37D8-E829-4B08-ABC9-66A7CC024844}.Debug|Any CPU.Build.0 = Debug|Any CPU
		{717E37D8-E829-4B08-ABC9-66A7CC024844}.Release|Any CPU.ActiveCfg = Release|Any CPU
		{717E37D8-E829-4B08-ABC9-66A7CC024844}.Release|Any CPU.Build.0 = Release|Any CPU
	EndGlobalSection
	GlobalSection(SolutionProperties) = preSolution
		HideSolutionNode = FALSE
	EndGlobalSection
	GlobalSection(ExtensibilityGlobals) = postSolution
		SolutionGuid = {F5847AEB-89DA-4F0E-A938-047670741240}
	EndGlobalSection
EndGlobal
