
Microsoft Visual Studio Solution File, Format Version 12.00
# Visual Studio Version 16
VisualStudioVersion = 16.0.31727.386
MinimumVisualStudioVersion = 10.0.40219.1
Project("{FAE04EC0-301F-11D3-BF4B-00C04F79EFBC}") = "ConsoleApp8", "ConsoleApp8\ConsoleApp8.csproj", "{AB49037C-43F5-44A4-9C72-097EE30938AD}"
EndProject
Project("{FAE04EC0-301F-11D3-BF4B-00C04F79EFBC}") = "ConsoleApp1", "ConsoleApp1\ConsoleApp1.csproj", "{07795F56-92C2-46DA-AE6A-77604B0B0E37}"
EndProject
Project("{FAE04EC0-301F-11D3-BF4B-00C04F79EFBC}") = "ConsoleApp2", "ConsoleApp2\ConsoleApp2.csproj", "{E7AF0E89-BDFB-48C9-A20A-295039B9A19B}"
EndProject
Global
	GlobalSection(SolutionConfigurationPlatforms) = preSolution
		Debug|Any CPU = Debug|Any CPU
		Release|Any CPU = Release|Any CPU
	EndGlobalSection
	GlobalSection(ProjectConfigurationPlatforms) = postSolution
		{AB49037C-43F5-44A4-9C72-097EE30938AD}.Debug|Any CPU.ActiveCfg = Debug|Any CPU
		{AB49037C-43F5-44A4-9C72-097EE30938AD}.Debug|Any CPU.Build.0 = Debug|Any CPU
		{AB49037C-43F5-44A4-9C72-097EE30938AD}.Release|Any CPU.ActiveCfg = Release|Any CPU
		{AB49037C-43F5-44A4-9C72-097EE30938AD}.Release|Any CPU.Build.0 = Release|Any CPU
		{07795F56-92C2-46DA-AE6A-77604B0B0E37}.Debug|Any CPU.ActiveCfg = Debug|Any CPU
		{07795F56-92C2-46DA-AE6A-77604B0B0E37}.Debug|Any CPU.Build.0 = Debug|Any CPU
		{07795F56-92C2-46DA-AE6A-77604B0B0E37}.Release|Any CPU.ActiveCfg = Release|Any CPU
		{07795F56-92C2-46DA-AE6A-77604B0B0E37}.Release|Any CPU.Build.0 = Release|Any CPU
		{E7AF0E89-BDFB-48C9-A20A-295039B9A19B}.Debug|Any CPU.ActiveCfg = Debug|Any CPU
		{E7AF0E89-BDFB-48C9-A20A-295039B9A19B}.Debug|Any CPU.Build.0 = Debug|Any CPU
		{E7AF0E89-BDFB-48C9-A20A-295039B9A19B}.Release|Any CPU.ActiveCfg = Release|Any CPU
		{E7AF0E89-BDFB-48C9-A20A-295039B9A19B}.Release|Any CPU.Build.0 = Release|Any CPU
	EndGlobalSection
	GlobalSection(SolutionProperties) = preSolution
		HideSolutionNode = FALSE
	EndGlobalSection
	GlobalSection(ExtensibilityGlobals) = postSolution
		SolutionGuid = {22DAFB61-8C38-4EDE-82B8-A6928EBF8E00}
	EndGlobalSection
EndGlobal
