
Microsoft Visual Studio Solution File, Format Version 12.00
# Visual Studio Version 16
VisualStudioVersion = 16.0.29519.181
MinimumVisualStudioVersion = 10.0.40219.1
Project("{FAE04EC0-301F-11D3-BF4B-00C04F79EFBC}") = "6", "ConsoleApp1\6.csproj", "{C643B071-BA87-42CC-AD04-BA8CCAF48C1F}"
EndProject
Project("{FAE04EC0-301F-11D3-BF4B-00C04F79EFBC}") = "7", "7\7.csproj", "{81F13179-B205-4B7D-896C-773701CD791C}"
EndProject
Project("{FAE04EC0-301F-11D3-BF4B-00C04F79EFBC}") = "8", "8\8.csproj", "{9204EDD3-A57E-4FCB-BA72-CC883A9B68EB}"
EndProject
Project("{FAE04EC0-301F-11D3-BF4B-00C04F79EFBC}") = "9", "9\9.csproj", "{226A9B15-98D5-4DB4-9C79-99C7F1B0FD30}"
EndProject
Project("{FAE04EC0-301F-11D3-BF4B-00C04F79EFBC}") = "10", "10\10.csproj", "{7871D12D-786D-461C-8E51-14A16AF4DEBE}"
EndProject
Global
	GlobalSection(SolutionConfigurationPlatforms) = preSolution
		Debug|Any CPU = Debug|Any CPU
		Release|Any CPU = Release|Any CPU
	EndGlobalSection
	GlobalSection(ProjectConfigurationPlatforms) = postSolution
		{C643B071-BA87-42CC-AD04-BA8CCAF48C1F}.Debug|Any CPU.ActiveCfg = Debug|Any CPU
		{C643B071-BA87-42CC-AD04-BA8CCAF48C1F}.Debug|Any CPU.Build.0 = Debug|Any CPU
		{C643B071-BA87-42CC-AD04-BA8CCAF48C1F}.Release|Any CPU.ActiveCfg = Release|Any CPU
		{C643B071-BA87-42CC-AD04-BA8CCAF48C1F}.Release|Any CPU.Build.0 = Release|Any CPU
		{81F13179-B205-4B7D-896C-773701CD791C}.Debug|Any CPU.ActiveCfg = Debug|Any CPU
		{81F13179-B205-4B7D-896C-773701CD791C}.Debug|Any CPU.Build.0 = Debug|Any CPU
		{81F13179-B205-4B7D-896C-773701CD791C}.Release|Any CPU.ActiveCfg = Release|Any CPU
		{81F13179-B205-4B7D-896C-773701CD791C}.Release|Any CPU.Build.0 = Release|Any CPU
		{9204EDD3-A57E-4FCB-BA72-CC883A9B68EB}.Debug|Any CPU.ActiveCfg = Debug|Any CPU
		{9204EDD3-A57E-4FCB-BA72-CC883A9B68EB}.Debug|Any CPU.Build.0 = Debug|Any CPU
		{9204EDD3-A57E-4FCB-BA72-CC883A9B68EB}.Release|Any CPU.ActiveCfg = Release|Any CPU
		{9204EDD3-A57E-4FCB-BA72-CC883A9B68EB}.Release|Any CPU.Build.0 = Release|Any CPU
		{226A9B15-98D5-4DB4-9C79-99C7F1B0FD30}.Debug|Any CPU.ActiveCfg = Debug|Any CPU
		{226A9B15-98D5-4DB4-9C79-99C7F1B0FD30}.Debug|Any CPU.Build.0 = Debug|Any CPU
		{226A9B15-98D5-4DB4-9C79-99C7F1B0FD30}.Release|Any CPU.ActiveCfg = Release|Any CPU
		{226A9B15-98D5-4DB4-9C79-99C7F1B0FD30}.Release|Any CPU.Build.0 = Release|Any CPU
		{7871D12D-786D-461C-8E51-14A16AF4DEBE}.Debug|Any CPU.ActiveCfg = Debug|Any CPU
		{7871D12D-786D-461C-8E51-14A16AF4DEBE}.Debug|Any CPU.Build.0 = Debug|Any CPU
		{7871D12D-786D-461C-8E51-14A16AF4DEBE}.Release|Any CPU.ActiveCfg = Release|Any CPU
		{7871D12D-786D-461C-8E51-14A16AF4DEBE}.Release|Any CPU.Build.0 = Release|Any CPU
	EndGlobalSection
	GlobalSection(SolutionProperties) = preSolution
		HideSolutionNode = FALSE
	EndGlobalSection
	GlobalSection(ExtensibilityGlobals) = postSolution
		SolutionGuid = {D32A2AA9-86BC-4A1D-A9EE-BB73727D1B47}
	EndGlobalSection
EndGlobal
