
Microsoft Visual Studio Solution File, Format Version 12.00
# Visual Studio Version 16
VisualStudioVersion = 16.0.29519.181
MinimumVisualStudioVersion = 10.0.40219.1
Project("{FAE04EC0-301F-11D3-BF4B-00C04F79EFBC}") = "ConsoleApp1", "ConsoleApp1\ConsoleApp1.csproj", "{03D58743-7AB3-4DF2-8B66-6DAEC28477D4}"
EndProject
Project("{FAE04EC0-301F-11D3-BF4B-00C04F79EFBC}") = "ConsoleApp2", "ConsoleApp2\ConsoleApp2.csproj", "{B2920D29-098E-48CD-BBF9-6E77C25DDE85}"
EndProject
Project("{FAE04EC0-301F-11D3-BF4B-00C04F79EFBC}") = "ConsoleApp3", "ConsoleApp3\ConsoleApp3.csproj", "{C2219D87-B2CE-42F2-8950-F4864D688BB3}"
EndProject
Project("{FAE04EC0-301F-11D3-BF4B-00C04F79EFBC}") = "ConsoleApp4", "ConsoleApp4\ConsoleApp4.csproj", "{9FFC48C6-77A3-4C6E-89C2-2522DC954BFE}"
EndProject
Project("{FAE04EC0-301F-11D3-BF4B-00C04F79EFBC}") = "ConsoleApp5", "ConsoleApp5\ConsoleApp5.csproj", "{19FE5C03-3E5A-40A8-B0C9-D41BD73B8453}"
EndProject
Project("{FAE04EC0-301F-11D3-BF4B-00C04F79EFBC}") = "ConsoleApp6", "ConsoleApp6\ConsoleApp6.csproj", "{6130969C-63BC-4FD1-A3E6-C44AACBCEC9E}"
EndProject
Global
	GlobalSection(SolutionConfigurationPlatforms) = preSolution
		Debug|Any CPU = Debug|Any CPU
		Release|Any CPU = Release|Any CPU
	EndGlobalSection
	GlobalSection(ProjectConfigurationPlatforms) = postSolution
		{03D58743-7AB3-4DF2-8B66-6DAEC28477D4}.Debug|Any CPU.ActiveCfg = Debug|Any CPU
		{03D58743-7AB3-4DF2-8B66-6DAEC28477D4}.Debug|Any CPU.Build.0 = Debug|Any CPU
		{03D58743-7AB3-4DF2-8B66-6DAEC28477D4}.Release|Any CPU.ActiveCfg = Release|Any CPU
		{03D58743-7AB3-4DF2-8B66-6DAEC28477D4}.Release|Any CPU.Build.0 = Release|Any CPU
		{B2920D29-098E-48CD-BBF9-6E77C25DDE85}.Debug|Any CPU.ActiveCfg = Debug|Any CPU
		{B2920D29-098E-48CD-BBF9-6E77C25DDE85}.Debug|Any CPU.Build.0 = Debug|Any CPU
		{B2920D29-098E-48CD-BBF9-6E77C25DDE85}.Release|Any CPU.ActiveCfg = Release|Any CPU
		{B2920D29-098E-48CD-BBF9-6E77C25DDE85}.Release|Any CPU.Build.0 = Release|Any CPU
		{C2219D87-B2CE-42F2-8950-F4864D688BB3}.Debug|Any CPU.ActiveCfg = Debug|Any CPU
		{C2219D87-B2CE-42F2-8950-F4864D688BB3}.Debug|Any CPU.Build.0 = Debug|Any CPU
		{C2219D87-B2CE-42F2-8950-F4864D688BB3}.Release|Any CPU.ActiveCfg = Release|Any CPU
		{C2219D87-B2CE-42F2-8950-F4864D688BB3}.Release|Any CPU.Build.0 = Release|Any CPU
		{9FFC48C6-77A3-4C6E-89C2-2522DC954BFE}.Debug|Any CPU.ActiveCfg = Debug|Any CPU
		{9FFC48C6-77A3-4C6E-89C2-2522DC954BFE}.Debug|Any CPU.Build.0 = Debug|Any CPU
		{9FFC48C6-77A3-4C6E-89C2-2522DC954BFE}.Release|Any CPU.ActiveCfg = Release|Any CPU
		{9FFC48C6-77A3-4C6E-89C2-2522DC954BFE}.Release|Any CPU.Build.0 = Release|Any CPU
		{19FE5C03-3E5A-40A8-B0C9-D41BD73B8453}.Debug|Any CPU.ActiveCfg = Debug|Any CPU
		{19FE5C03-3E5A-40A8-B0C9-D41BD73B8453}.Debug|Any CPU.Build.0 = Debug|Any CPU
		{19FE5C03-3E5A-40A8-B0C9-D41BD73B8453}.Release|Any CPU.ActiveCfg = Release|Any CPU
		{19FE5C03-3E5A-40A8-B0C9-D41BD73B8453}.Release|Any CPU.Build.0 = Release|Any CPU
		{6130969C-63BC-4FD1-A3E6-C44AACBCEC9E}.Debug|Any CPU.ActiveCfg = Debug|Any CPU
		{6130969C-63BC-4FD1-A3E6-C44AACBCEC9E}.Debug|Any CPU.Build.0 = Debug|Any CPU
		{6130969C-63BC-4FD1-A3E6-C44AACBCEC9E}.Release|Any CPU.ActiveCfg = Release|Any CPU
		{6130969C-63BC-4FD1-A3E6-C44AACBCEC9E}.Release|Any CPU.Build.0 = Release|Any CPU
	EndGlobalSection
	GlobalSection(SolutionProperties) = preSolution
		HideSolutionNode = FALSE
	EndGlobalSection
	GlobalSection(ExtensibilityGlobals) = postSolution
		SolutionGuid = {376EE10A-49E4-471C-82CB-6F13D7F8C435}
	EndGlobalSection
EndGlobal
