
Microsoft Visual Studio Solution File, Format Version 12.00
# Visual Studio Version 16
VisualStudioVersion = 16.0.29519.181
MinimumVisualStudioVersion = 10.0.40219.1
Project("{9A19103F-16F7-4668-BE54-9A1E7A4F7556}") = "1", "ConsoleApp1\1.csproj", "{464A72EB-C3A4-4F7D-8734-2540C5530136}"
EndProject
Project("{9A19103F-16F7-4668-BE54-9A1E7A4F7556}") = "2", "ConsoleApp2\2.csproj", "{689C39AC-3D6D-4592-AEA4-AD2BEE6321FC}"
EndProject
Project("{FAE04EC0-301F-11D3-BF4B-00C04F79EFBC}") = "3", "3\3.csproj", "{1127BA09-8DE7-4B05-AC69-ED2DFCA27E29}"
EndProject
Project("{FAE04EC0-301F-11D3-BF4B-00C04F79EFBC}") = "4", "ConsoleApp3\4.csproj", "{8EC14366-FC7E-4F55-B441-A65484090C18}"
EndProject
Project("{FAE04EC0-301F-11D3-BF4B-00C04F79EFBC}") = "5", "ConsoleApp4\5.csproj", "{2AC7571D-3A12-450F-A8DC-1C4FA4F4FC46}"
EndProject
Project("{FAE04EC0-301F-11D3-BF4B-00C04F79EFBC}") = "6", "6\6.csproj", "{9304619E-623F-4EC0-8960-1E975A59ADDB}"
EndProject
Project("{FAE04EC0-301F-11D3-BF4B-00C04F79EFBC}") = "7", "7\7.csproj", "{CB0669AB-952D-4319-985D-3170E858DE3C}"
EndProject
Project("{FAE04EC0-301F-11D3-BF4B-00C04F79EFBC}") = "8", "8\8.csproj", "{389C509E-BBAE-4746-8FAA-DAEB63179C0F}"
EndProject
Project("{FAE04EC0-301F-11D3-BF4B-00C04F79EFBC}") = "9", "9\9.csproj", "{EAD712A7-F04B-4119-80A6-1545B573A826}"
EndProject
Project("{FAE04EC0-301F-11D3-BF4B-00C04F79EFBC}") = "10", "10\10.csproj", "{E592ADAB-080E-4E65-B5A7-443F2155CCDE}"
EndProject
Project("{FAE04EC0-301F-11D3-BF4B-00C04F79EFBC}") = "11", "11\11.csproj", "{82FC1468-7714-46AD-AB52-5124DEB6D644}"
EndProject
Project("{FAE04EC0-301F-11D3-BF4B-00C04F79EFBC}") = "12", "12\12.csproj", "{5FE1A1A7-D85A-4C4C-97C1-57836FA98080}"
EndProject
Project("{FAE04EC0-301F-11D3-BF4B-00C04F79EFBC}") = "13", "13\13.csproj", "{0A674AF5-378D-4483-9F4A-BB442A2A47C1}"
EndProject
Project("{FAE04EC0-301F-11D3-BF4B-00C04F79EFBC}") = "14", "ConsoleApp5\14.csproj", "{89A59015-3702-4AC2-A75E-80E3F637A4C5}"
EndProject
Project("{FAE04EC0-301F-11D3-BF4B-00C04F79EFBC}") = "15", "15\15.csproj", "{1898E661-7C36-416D-9B09-2F00508233DE}"
EndProject
Project("{FAE04EC0-301F-11D3-BF4B-00C04F79EFBC}") = "16", "16\16.csproj", "{DF0E0E91-C1F1-464C-AA87-66D7B34ED67D}"
EndProject
Project("{FAE04EC0-301F-11D3-BF4B-00C04F79EFBC}") = "17", "17\17.csproj", "{14BB4BDF-F607-4733-BE71-190F9FAA7E2E}"
EndProject
Project("{FAE04EC0-301F-11D3-BF4B-00C04F79EFBC}") = "18", "18\18.csproj", "{6C1B740D-D3D1-4428-B78D-3AB30D778F81}"
EndProject
Project("{FAE04EC0-301F-11D3-BF4B-00C04F79EFBC}") = "19", "19\19.csproj", "{937DEE57-29AC-4016-9BE4-A240AB44A5A4}"
EndProject
Project("{FAE04EC0-301F-11D3-BF4B-00C04F79EFBC}") = "20", "20\20.csproj", "{CBBEB984-EBE3-4144-89A3-7162CBC11F74}"
EndProject
Global
	GlobalSection(SolutionConfigurationPlatforms) = preSolution
		Debug|Any CPU = Debug|Any CPU
		Release|Any CPU = Release|Any CPU
	EndGlobalSection
	GlobalSection(ProjectConfigurationPlatforms) = postSolution
		{464A72EB-C3A4-4F7D-8734-2540C5530136}.Debug|Any CPU.ActiveCfg = Debug|Any CPU
		{464A72EB-C3A4-4F7D-8734-2540C5530136}.Debug|Any CPU.Build.0 = Debug|Any CPU
		{464A72EB-C3A4-4F7D-8734-2540C5530136}.Release|Any CPU.ActiveCfg = Release|Any CPU
		{464A72EB-C3A4-4F7D-8734-2540C5530136}.Release|Any CPU.Build.0 = Release|Any CPU
		{689C39AC-3D6D-4592-AEA4-AD2BEE6321FC}.Debug|Any CPU.ActiveCfg = Debug|Any CPU
		{689C39AC-3D6D-4592-AEA4-AD2BEE6321FC}.Debug|Any CPU.Build.0 = Debug|Any CPU
		{689C39AC-3D6D-4592-AEA4-AD2BEE6321FC}.Release|Any CPU.ActiveCfg = Release|Any CPU
		{689C39AC-3D6D-4592-AEA4-AD2BEE6321FC}.Release|Any CPU.Build.0 = Release|Any CPU
		{1127BA09-8DE7-4B05-AC69-ED2DFCA27E29}.Debug|Any CPU.ActiveCfg = Debug|Any CPU
		{1127BA09-8DE7-4B05-AC69-ED2DFCA27E29}.Debug|Any CPU.Build.0 = Debug|Any CPU
		{1127BA09-8DE7-4B05-AC69-ED2DFCA27E29}.Release|Any CPU.ActiveCfg = Release|Any CPU
		{1127BA09-8DE7-4B05-AC69-ED2DFCA27E29}.Release|Any CPU.Build.0 = Release|Any CPU
		{8EC14366-FC7E-4F55-B441-A65484090C18}.Debug|Any CPU.ActiveCfg = Debug|Any CPU
		{8EC14366-FC7E-4F55-B441-A65484090C18}.Debug|Any CPU.Build.0 = Debug|Any CPU
		{8EC14366-FC7E-4F55-B441-A65484090C18}.Release|Any CPU.ActiveCfg = Release|Any CPU
		{8EC14366-FC7E-4F55-B441-A65484090C18}.Release|Any CPU.Build.0 = Release|Any CPU
		{2AC7571D-3A12-450F-A8DC-1C4FA4F4FC46}.Debug|Any CPU.ActiveCfg = Debug|Any CPU
		{2AC7571D-3A12-450F-A8DC-1C4FA4F4FC46}.Debug|Any CPU.Build.0 = Debug|Any CPU
		{2AC7571D-3A12-450F-A8DC-1C4FA4F4FC46}.Release|Any CPU.ActiveCfg = Release|Any CPU
		{2AC7571D-3A12-450F-A8DC-1C4FA4F4FC46}.Release|Any CPU.Build.0 = Release|Any CPU
		{9304619E-623F-4EC0-8960-1E975A59ADDB}.Debug|Any CPU.ActiveCfg = Debug|Any CPU
		{9304619E-623F-4EC0-8960-1E975A59ADDB}.Debug|Any CPU.Build.0 = Debug|Any CPU
		{9304619E-623F-4EC0-8960-1E975A59ADDB}.Release|Any CPU.ActiveCfg = Release|Any CPU
		{9304619E-623F-4EC0-8960-1E975A59ADDB}.Release|Any CPU.Build.0 = Release|Any CPU
		{CB0669AB-952D-4319-985D-3170E858DE3C}.Debug|Any CPU.ActiveCfg = Debug|Any CPU
		{CB0669AB-952D-4319-985D-3170E858DE3C}.Debug|Any CPU.Build.0 = Debug|Any CPU
		{CB0669AB-952D-4319-985D-3170E858DE3C}.Release|Any CPU.ActiveCfg = Release|Any CPU
		{CB0669AB-952D-4319-985D-3170E858DE3C}.Release|Any CPU.Build.0 = Release|Any CPU
		{389C509E-BBAE-4746-8FAA-DAEB63179C0F}.Debug|Any CPU.ActiveCfg = Debug|Any CPU
		{389C509E-BBAE-4746-8FAA-DAEB63179C0F}.Debug|Any CPU.Build.0 = Debug|Any CPU
		{389C509E-BBAE-4746-8FAA-DAEB63179C0F}.Release|Any CPU.ActiveCfg = Release|Any CPU
		{389C509E-BBAE-4746-8FAA-DAEB63179C0F}.Release|Any CPU.Build.0 = Release|Any CPU
		{EAD712A7-F04B-4119-80A6-1545B573A826}.Debug|Any CPU.ActiveCfg = Debug|Any CPU
		{EAD712A7-F04B-4119-80A6-1545B573A826}.Debug|Any CPU.Build.0 = Debug|Any CPU
		{EAD712A7-F04B-4119-80A6-1545B573A826}.Release|Any CPU.ActiveCfg = Release|Any CPU
		{EAD712A7-F04B-4119-80A6-1545B573A826}.Release|Any CPU.Build.0 = Release|Any CPU
		{E592ADAB-080E-4E65-B5A7-443F2155CCDE}.Debug|Any CPU.ActiveCfg = Debug|Any CPU
		{E592ADAB-080E-4E65-B5A7-443F2155CCDE}.Debug|Any CPU.Build.0 = Debug|Any CPU
		{E592ADAB-080E-4E65-B5A7-443F2155CCDE}.Release|Any CPU.ActiveCfg = Release|Any CPU
		{E592ADAB-080E-4E65-B5A7-443F2155CCDE}.Release|Any CPU.Build.0 = Release|Any CPU
		{82FC1468-7714-46AD-AB52-5124DEB6D644}.Debug|Any CPU.ActiveCfg = Debug|Any CPU
		{82FC1468-7714-46AD-AB52-5124DEB6D644}.Debug|Any CPU.Build.0 = Debug|Any CPU
		{82FC1468-7714-46AD-AB52-5124DEB6D644}.Release|Any CPU.ActiveCfg = Release|Any CPU
		{82FC1468-7714-46AD-AB52-5124DEB6D644}.Release|Any CPU.Build.0 = Release|Any CPU
		{5FE1A1A7-D85A-4C4C-97C1-57836FA98080}.Debug|Any CPU.ActiveCfg = Debug|Any CPU
		{5FE1A1A7-D85A-4C4C-97C1-57836FA98080}.Debug|Any CPU.Build.0 = Debug|Any CPU
		{5FE1A1A7-D85A-4C4C-97C1-57836FA98080}.Release|Any CPU.ActiveCfg = Release|Any CPU
		{5FE1A1A7-D85A-4C4C-97C1-57836FA98080}.Release|Any CPU.Build.0 = Release|Any CPU
		{0A674AF5-378D-4483-9F4A-BB442A2A47C1}.Debug|Any CPU.ActiveCfg = Debug|Any CPU
		{0A674AF5-378D-4483-9F4A-BB442A2A47C1}.Debug|Any CPU.Build.0 = Debug|Any CPU
		{0A674AF5-378D-4483-9F4A-BB442A2A47C1}.Release|Any CPU.ActiveCfg = Release|Any CPU
		{0A674AF5-378D-4483-9F4A-BB442A2A47C1}.Release|Any CPU.Build.0 = Release|Any CPU
		{89A59015-3702-4AC2-A75E-80E3F637A4C5}.Debug|Any CPU.ActiveCfg = Debug|Any CPU
		{89A59015-3702-4AC2-A75E-80E3F637A4C5}.Debug|Any CPU.Build.0 = Debug|Any CPU
		{89A59015-3702-4AC2-A75E-80E3F637A4C5}.Release|Any CPU.ActiveCfg = Release|Any CPU
		{89A59015-3702-4AC2-A75E-80E3F637A4C5}.Release|Any CPU.Build.0 = Release|Any CPU
		{1898E661-7C36-416D-9B09-2F00508233DE}.Debug|Any CPU.ActiveCfg = Debug|Any CPU
		{1898E661-7C36-416D-9B09-2F00508233DE}.Debug|Any CPU.Build.0 = Debug|Any CPU
		{1898E661-7C36-416D-9B09-2F00508233DE}.Release|Any CPU.ActiveCfg = Release|Any CPU
		{1898E661-7C36-416D-9B09-2F00508233DE}.Release|Any CPU.Build.0 = Release|Any CPU
		{DF0E0E91-C1F1-464C-AA87-66D7B34ED67D}.Debug|Any CPU.ActiveCfg = Debug|Any CPU
		{DF0E0E91-C1F1-464C-AA87-66D7B34ED67D}.Debug|Any CPU.Build.0 = Debug|Any CPU
		{DF0E0E91-C1F1-464C-AA87-66D7B34ED67D}.Release|Any CPU.ActiveCfg = Release|Any CPU
		{DF0E0E91-C1F1-464C-AA87-66D7B34ED67D}.Release|Any CPU.Build.0 = Release|Any CPU
		{14BB4BDF-F607-4733-BE71-190F9FAA7E2E}.Debug|Any CPU.ActiveCfg = Debug|Any CPU
		{14BB4BDF-F607-4733-BE71-190F9FAA7E2E}.Debug|Any CPU.Build.0 = Debug|Any CPU
		{14BB4BDF-F607-4733-BE71-190F9FAA7E2E}.Release|Any CPU.ActiveCfg = Release|Any CPU
		{14BB4BDF-F607-4733-BE71-190F9FAA7E2E}.Release|Any CPU.Build.0 = Release|Any CPU
		{6C1B740D-D3D1-4428-B78D-3AB30D778F81}.Debug|Any CPU.ActiveCfg = Debug|Any CPU
		{6C1B740D-D3D1-4428-B78D-3AB30D778F81}.Debug|Any CPU.Build.0 = Debug|Any CPU
		{6C1B740D-D3D1-4428-B78D-3AB30D778F81}.Release|Any CPU.ActiveCfg = Release|Any CPU
		{6C1B740D-D3D1-4428-B78D-3AB30D778F81}.Release|Any CPU.Build.0 = Release|Any CPU
		{937DEE57-29AC-4016-9BE4-A240AB44A5A4}.Debug|Any CPU.ActiveCfg = Debug|Any CPU
		{937DEE57-29AC-4016-9BE4-A240AB44A5A4}.Debug|Any CPU.Build.0 = Debug|Any CPU
		{937DEE57-29AC-4016-9BE4-A240AB44A5A4}.Release|Any CPU.ActiveCfg = Release|Any CPU
		{937DEE57-29AC-4016-9BE4-A240AB44A5A4}.Release|Any CPU.Build.0 = Release|Any CPU
		{CBBEB984-EBE3-4144-89A3-7162CBC11F74}.Debug|Any CPU.ActiveCfg = Debug|Any CPU
		{CBBEB984-EBE3-4144-89A3-7162CBC11F74}.Debug|Any CPU.Build.0 = Debug|Any CPU
		{CBBEB984-EBE3-4144-89A3-7162CBC11F74}.Release|Any CPU.ActiveCfg = Release|Any CPU
		{CBBEB984-EBE3-4144-89A3-7162CBC11F74}.Release|Any CPU.Build.0 = Release|Any CPU
	EndGlobalSection
	GlobalSection(SolutionProperties) = preSolution
		HideSolutionNode = FALSE
	EndGlobalSection
	GlobalSection(ExtensibilityGlobals) = postSolution
		SolutionGuid = {08E97333-8A55-42A1-AC2A-2508B5BF3311}
	EndGlobalSection
EndGlobal
