
Microsoft Visual Studio Solution File, Format Version 12.00
# Visual Studio Version 16
VisualStudioVersion = 16.0.29519.181
MinimumVisualStudioVersion = 10.0.40219.1
Project("{FAE04EC0-301F-11D3-BF4B-00C04F79EFBC}") = "ConsoleApp1", "ConsoleApp1\ConsoleApp1.csproj", "{D34F28CA-5902-4B2C-BCC6-1C0AED803F34}"
EndProject
Project("{FAE04EC0-301F-11D3-BF4B-00C04F79EFBC}") = "ConsoleApp2", "ConsoleApp2\ConsoleApp2.csproj", "{15C3F7EF-B218-4987-A21D-351CDB0C0B85}"
EndProject
Project("{FAE04EC0-301F-11D3-BF4B-00C04F79EFBC}") = "ConsoleApp3", "ConsoleApp3\ConsoleApp3.csproj", "{F74FA4F7-24BA-4EB3-9718-6D3188DBA8A4}"
EndProject
Project("{FAE04EC0-301F-11D3-BF4B-00C04F79EFBC}") = "ConsoleApp4", "ConsoleApp4\ConsoleApp4.csproj", "{394FADD3-C5CC-495E-8B8A-8F531493C296}"
EndProject
Project("{FAE04EC0-301F-11D3-BF4B-00C04F79EFBC}") = "ConsoleApp5", "ConsoleApp5\ConsoleApp5.csproj", "{607C7E74-71CD-472B-8C73-DE16C2AE12F5}"
EndProject
Global
	GlobalSection(SolutionConfigurationPlatforms) = preSolution
		Debug|Any CPU = Debug|Any CPU
		Release|Any CPU = Release|Any CPU
	EndGlobalSection
	GlobalSection(ProjectConfigurationPlatforms) = postSolution
		{D34F28CA-5902-4B2C-BCC6-1C0AED803F34}.Debug|Any CPU.ActiveCfg = Debug|Any CPU
		{D34F28CA-5902-4B2C-BCC6-1C0AED803F34}.Debug|Any CPU.Build.0 = Debug|Any CPU
		{D34F28CA-5902-4B2C-BCC6-1C0AED803F34}.Release|Any CPU.ActiveCfg = Release|Any CPU
		{D34F28CA-5902-4B2C-BCC6-1C0AED803F34}.Release|Any CPU.Build.0 = Release|Any CPU
		{15C3F7EF-B218-4987-A21D-351CDB0C0B85}.Debug|Any CPU.ActiveCfg = Debug|Any CPU
		{15C3F7EF-B218-4987-A21D-351CDB0C0B85}.Debug|Any CPU.Build.0 = Debug|Any CPU
		{15C3F7EF-B218-4987-A21D-351CDB0C0B85}.Release|Any CPU.ActiveCfg = Release|Any CPU
		{15C3F7EF-B218-4987-A21D-351CDB0C0B85}.Release|Any CPU.Build.0 = Release|Any CPU
		{F74FA4F7-24BA-4EB3-9718-6D3188DBA8A4}.Debug|Any CPU.ActiveCfg = Debug|Any CPU
		{F74FA4F7-24BA-4EB3-9718-6D3188DBA8A4}.Debug|Any CPU.Build.0 = Debug|Any CPU
		{F74FA4F7-24BA-4EB3-9718-6D3188DBA8A4}.Release|Any CPU.ActiveCfg = Release|Any CPU
		{F74FA4F7-24BA-4EB3-9718-6D3188DBA8A4}.Release|Any CPU.Build.0 = Release|Any CPU
		{394FADD3-C5CC-495E-8B8A-8F531493C296}.Debug|Any CPU.ActiveCfg = Debug|Any CPU
		{394FADD3-C5CC-495E-8B8A-8F531493C296}.Debug|Any CPU.Build.0 = Debug|Any CPU
		{394FADD3-C5CC-495E-8B8A-8F531493C296}.Release|Any CPU.ActiveCfg = Release|Any CPU
		{394FADD3-C5CC-495E-8B8A-8F531493C296}.Release|Any CPU.Build.0 = Release|Any CPU
		{607C7E74-71CD-472B-8C73-DE16C2AE12F5}.Debug|Any CPU.ActiveCfg = Debug|Any CPU
		{607C7E74-71CD-472B-8C73-DE16C2AE12F5}.Debug|Any CPU.Build.0 = Debug|Any CPU
		{607C7E74-71CD-472B-8C73-DE16C2AE12F5}.Release|Any CPU.ActiveCfg = Release|Any CPU
		{607C7E74-71CD-472B-8C73-DE16C2AE12F5}.Release|Any CPU.Build.0 = Release|Any CPU
	EndGlobalSection
	GlobalSection(SolutionProperties) = preSolution
		HideSolutionNode = FALSE
	EndGlobalSection
	GlobalSection(ExtensibilityGlobals) = postSolution
		SolutionGuid = {F23DC771-4CA6-4A71-9CC2-683B0A49A7CA}
	EndGlobalSection
EndGlobal
