
Microsoft Visual Studio Solution File, Format Version 12.00
# Visual Studio Version 16
VisualStudioVersion = 16.0.29519.181
MinimumVisualStudioVersion = 10.0.40219.1
Project("{FAE04EC0-301F-11D3-BF4B-00C04F79EFBC}") = "ConsoleApp1", "ConsoleApp1\ConsoleApp1.csproj", "{4E75E5D8-32F4-4C6B-8CDB-581E7B6A84E7}"
EndProject
Global
	GlobalSection(SolutionConfigurationPlatforms) = preSolution
		Debug|Any CPU = Debug|Any CPU
		Release|Any CPU = Release|Any CPU
	EndGlobalSection
	GlobalSection(ProjectConfigurationPlatforms) = postSolution
		{4E75E5D8-32F4-4C6B-8CDB-581E7B6A84E7}.Debug|Any CPU.ActiveCfg = Debug|Any CPU
		{4E75E5D8-32F4-4C6B-8CDB-581E7B6A84E7}.Debug|Any CPU.Build.0 = Debug|Any CPU
		{4E75E5D8-32F4-4C6B-8CDB-581E7B6A84E7}.Release|Any CPU.ActiveCfg = Release|Any CPU
		{4E75E5D8-32F4-4C6B-8CDB-581E7B6A84E7}.Release|Any CPU.Build.0 = Release|Any CPU
	EndGlobalSection
	GlobalSection(SolutionProperties) = preSolution
		HideSolutionNode = FALSE
	EndGlobalSection
	GlobalSection(ExtensibilityGlobals) = postSolution
		SolutionGuid = {E648EC9F-7B9E-4B28-8EDF-F53D9002205B}
	EndGlobalSection
EndGlobal
