
Microsoft Visual Studio Solution File, Format Version 12.00
# Visual Studio Version 16
VisualStudioVersion = 16.0.31624.102
MinimumVisualStudioVersion = 10.0.40219.1
Project("{FAE04EC0-301F-11D3-BF4B-00C04F79EFBC}") = "ConsoleApp1", "ConsoleApp1\ConsoleApp1.csproj", "{35426460-50BF-4C9D-A085-1E3008A068E9}"
EndProject
Project("{FAE04EC0-301F-11D3-BF4B-00C04F79EFBC}") = "ConsoleApp2", "ConsoleApp2\ConsoleApp2.csproj", "{EFF82083-C8B8-4C69-8C88-70FDC4A79F2B}"
EndProject
Project("{FAE04EC0-301F-11D3-BF4B-00C04F79EFBC}") = "ConsoleApp3", "ConsoleApp3\ConsoleApp3.csproj", "{B28D9142-046D-4044-8DEB-4C1229D165D0}"
EndProject
Project("{FAE04EC0-301F-11D3-BF4B-00C04F79EFBC}") = "ConsoleApp4", "ConsoleApp4\ConsoleApp4.csproj", "{DA9C3BA1-F8AE-42F6-808E-7B8D6497ACC6}"
EndProject
Project("{FAE04EC0-301F-11D3-BF4B-00C04F79EFBC}") = "ConsoleApp5", "ConsoleApp5\ConsoleApp5.csproj", "{193DFEA1-7A61-47C5-B342-42277869D104}"
EndProject
Global
	GlobalSection(SolutionConfigurationPlatforms) = preSolution
		Debug|Any CPU = Debug|Any CPU
		Release|Any CPU = Release|Any CPU
	EndGlobalSection
	GlobalSection(ProjectConfigurationPlatforms) = postSolution
		{35426460-50BF-4C9D-A085-1E3008A068E9}.Debug|Any CPU.ActiveCfg = Debug|Any CPU
		{35426460-50BF-4C9D-A085-1E3008A068E9}.Debug|Any CPU.Build.0 = Debug|Any CPU
		{35426460-50BF-4C9D-A085-1E3008A068E9}.Release|Any CPU.ActiveCfg = Release|Any CPU
		{35426460-50BF-4C9D-A085-1E3008A068E9}.Release|Any CPU.Build.0 = Release|Any CPU
		{EFF82083-C8B8-4C69-8C88-70FDC4A79F2B}.Debug|Any CPU.ActiveCfg = Debug|Any CPU
		{EFF82083-C8B8-4C69-8C88-70FDC4A79F2B}.Debug|Any CPU.Build.0 = Debug|Any CPU
		{EFF82083-C8B8-4C69-8C88-70FDC4A79F2B}.Release|Any CPU.ActiveCfg = Release|Any CPU
		{EFF82083-C8B8-4C69-8C88-70FDC4A79F2B}.Release|Any CPU.Build.0 = Release|Any CPU
		{B28D9142-046D-4044-8DEB-4C1229D165D0}.Debug|Any CPU.ActiveCfg = Debug|Any CPU
		{B28D9142-046D-4044-8DEB-4C1229D165D0}.Debug|Any CPU.Build.0 = Debug|Any CPU
		{B28D9142-046D-4044-8DEB-4C1229D165D0}.Release|Any CPU.ActiveCfg = Release|Any CPU
		{B28D9142-046D-4044-8DEB-4C1229D165D0}.Release|Any CPU.Build.0 = Release|Any CPU
		{DA9C3BA1-F8AE-42F6-808E-7B8D6497ACC6}.Debug|Any CPU.ActiveCfg = Debug|Any CPU
		{DA9C3BA1-F8AE-42F6-808E-7B8D6497ACC6}.Debug|Any CPU.Build.0 = Debug|Any CPU
		{DA9C3BA1-F8AE-42F6-808E-7B8D6497ACC6}.Release|Any CPU.ActiveCfg = Release|Any CPU
		{DA9C3BA1-F8AE-42F6-808E-7B8D6497ACC6}.Release|Any CPU.Build.0 = Release|Any CPU
		{193DFEA1-7A61-47C5-B342-42277869D104}.Debug|Any CPU.ActiveCfg = Debug|Any CPU
		{193DFEA1-7A61-47C5-B342-42277869D104}.Debug|Any CPU.Build.0 = Debug|Any CPU
		{193DFEA1-7A61-47C5-B342-42277869D104}.Release|Any CPU.ActiveCfg = Release|Any CPU
		{193DFEA1-7A61-47C5-B342-42277869D104}.Release|Any CPU.Build.0 = Release|Any CPU
	EndGlobalSection
	GlobalSection(SolutionProperties) = preSolution
		HideSolutionNode = FALSE
	EndGlobalSection
	GlobalSection(ExtensibilityGlobals) = postSolution
		SolutionGuid = {E32C2163-F812-4F78-A3B4-9F89D0FB33BC}
	EndGlobalSection
EndGlobal
