
Microsoft Visual Studio Solution File, Format Version 12.00
# Visual Studio Version 16
VisualStudioVersion = 16.0.29519.181
MinimumVisualStudioVersion = 10.0.40219.1
Project("{FAE04EC0-301F-11D3-BF4B-00C04F79EFBC}") = "1", "1\1.csproj", "{34BEE782-E023-4E3A-93C3-6299C7F8214B}"
EndProject
Project("{FAE04EC0-301F-11D3-BF4B-00C04F79EFBC}") = "2", "2\2.csproj", "{10439BD4-FEF6-4ED4-987F-10D69C393277}"
EndProject
Project("{FAE04EC0-301F-11D3-BF4B-00C04F79EFBC}") = "3", "3\3.csproj", "{B8CD554E-12E5-44FF-A192-58DD063CD929}"
EndProject
Project("{FAE04EC0-301F-11D3-BF4B-00C04F79EFBC}") = "4", "4\4.csproj", "{51AE0C49-3D26-431A-A2C3-0862050AA02B}"
EndProject
Project("{FAE04EC0-301F-11D3-BF4B-00C04F79EFBC}") = "5", "5\5.csproj", "{AC092DCA-457E-4488-9658-D6F8F6AE919E}"
EndProject
Project("{FAE04EC0-301F-11D3-BF4B-00C04F79EFBC}") = "6", "6\6.csproj", "{8B6F3812-B563-4D3F-8157-8544F3C7F9D0}"
EndProject
Project("{FAE04EC0-301F-11D3-BF4B-00C04F79EFBC}") = "7", "7\7.csproj", "{448801F0-0A8A-4718-94E8-27FC5B01BCA4}"
EndProject
Project("{FAE04EC0-301F-11D3-BF4B-00C04F79EFBC}") = "8", "8\8.csproj", "{10C25E76-2AF1-42D7-B373-D982B66CEF8C}"
EndProject
Project("{FAE04EC0-301F-11D3-BF4B-00C04F79EFBC}") = "9", "9\9.csproj", "{B4FF4C22-2C85-45FD-B6B5-A6C3E14B8257}"
EndProject
Project("{FAE04EC0-301F-11D3-BF4B-00C04F79EFBC}") = "10", "10\10.csproj", "{E17B55A3-0A21-4C68-AD27-C11931C928F9}"
EndProject
Project("{FAE04EC0-301F-11D3-BF4B-00C04F79EFBC}") = "11", "11\11.csproj", "{DF72CFEB-25DF-4D98-8428-0291BF7955DC}"
EndProject
Project("{FAE04EC0-301F-11D3-BF4B-00C04F79EFBC}") = "12", "12\12.csproj", "{635E17F4-9406-4421-96B2-C27210159020}"
EndProject
Project("{FAE04EC0-301F-11D3-BF4B-00C04F79EFBC}") = "13", "13\13.csproj", "{E09920BF-DBFD-46EC-80AD-DCF9C2AB44E6}"
EndProject
Project("{FAE04EC0-301F-11D3-BF4B-00C04F79EFBC}") = "14", "14\14.csproj", "{039D540E-2A76-4008-AB33-1119F72C8C74}"
EndProject
Project("{FAE04EC0-301F-11D3-BF4B-00C04F79EFBC}") = "15", "15\15.csproj", "{797B2039-ECF9-4FEC-AC0C-11AE7249EEA5}"
EndProject
Project("{FAE04EC0-301F-11D3-BF4B-00C04F79EFBC}") = "16", "16\16.csproj", "{FC9ECE83-2CFA-45D0-8AC2-2881C0DA8CFF}"
EndProject
Project("{FAE04EC0-301F-11D3-BF4B-00C04F79EFBC}") = "17", "17\17.csproj", "{938711E2-F9FD-42D5-83E6-21463141D107}"
EndProject
Project("{FAE04EC0-301F-11D3-BF4B-00C04F79EFBC}") = "18", "18\18.csproj", "{7B3FBAC2-A0B9-48B9-A1FD-45C06D329DD2}"
EndProject
Project("{FAE04EC0-301F-11D3-BF4B-00C04F79EFBC}") = "19", "19\19.csproj", "{FE8BE4F9-FBC8-42F6-B5C0-E8B347E0A1C9}"
EndProject
Project("{FAE04EC0-301F-11D3-BF4B-00C04F79EFBC}") = "20", "20\20.csproj", "{9C680080-E44B-40D1-B3F5-88C2D3B60FE5}"
EndProject
Global
	GlobalSection(SolutionConfigurationPlatforms) = preSolution
		Debug|Any CPU = Debug|Any CPU
		Release|Any CPU = Release|Any CPU
	EndGlobalSection
	GlobalSection(ProjectConfigurationPlatforms) = postSolution
		{34BEE782-E023-4E3A-93C3-6299C7F8214B}.Debug|Any CPU.ActiveCfg = Debug|Any CPU
		{34BEE782-E023-4E3A-93C3-6299C7F8214B}.Debug|Any CPU.Build.0 = Debug|Any CPU
		{34BEE782-E023-4E3A-93C3-6299C7F8214B}.Release|Any CPU.ActiveCfg = Release|Any CPU
		{34BEE782-E023-4E3A-93C3-6299C7F8214B}.Release|Any CPU.Build.0 = Release|Any CPU
		{10439BD4-FEF6-4ED4-987F-10D69C393277}.Debug|Any CPU.ActiveCfg = Debug|Any CPU
		{10439BD4-FEF6-4ED4-987F-10D69C393277}.Debug|Any CPU.Build.0 = Debug|Any CPU
		{10439BD4-FEF6-4ED4-987F-10D69C393277}.Release|Any CPU.ActiveCfg = Release|Any CPU
		{10439BD4-FEF6-4ED4-987F-10D69C393277}.Release|Any CPU.Build.0 = Release|Any CPU
		{B8CD554E-12E5-44FF-A192-58DD063CD929}.Debug|Any CPU.ActiveCfg = Debug|Any CPU
		{B8CD554E-12E5-44FF-A192-58DD063CD929}.Debug|Any CPU.Build.0 = Debug|Any CPU
		{B8CD554E-12E5-44FF-A192-58DD063CD929}.Release|Any CPU.ActiveCfg = Release|Any CPU
		{B8CD554E-12E5-44FF-A192-58DD063CD929}.Release|Any CPU.Build.0 = Release|Any CPU
		{51AE0C49-3D26-431A-A2C3-0862050AA02B}.Debug|Any CPU.ActiveCfg = Debug|Any CPU
		{51AE0C49-3D26-431A-A2C3-0862050AA02B}.Debug|Any CPU.Build.0 = Debug|Any CPU
		{51AE0C49-3D26-431A-A2C3-0862050AA02B}.Release|Any CPU.ActiveCfg = Release|Any CPU
		{51AE0C49-3D26-431A-A2C3-0862050AA02B}.Release|Any CPU.Build.0 = Release|Any CPU
		{AC092DCA-457E-4488-9658-D6F8F6AE919E}.Debug|Any CPU.ActiveCfg = Debug|Any CPU
		{AC092DCA-457E-4488-9658-D6F8F6AE919E}.Debug|Any CPU.Build.0 = Debug|Any CPU
		{AC092DCA-457E-4488-9658-D6F8F6AE919E}.Release|Any CPU.ActiveCfg = Release|Any CPU
		{AC092DCA-457E-4488-9658-D6F8F6AE919E}.Release|Any CPU.Build.0 = Release|Any CPU
		{8B6F3812-B563-4D3F-8157-8544F3C7F9D0}.Debug|Any CPU.ActiveCfg = Debug|Any CPU
		{8B6F3812-B563-4D3F-8157-8544F3C7F9D0}.Debug|Any CPU.Build.0 = Debug|Any CPU
		{8B6F3812-B563-4D3F-8157-8544F3C7F9D0}.Release|Any CPU.ActiveCfg = Release|Any CPU
		{8B6F3812-B563-4D3F-8157-8544F3C7F9D0}.Release|Any CPU.Build.0 = Release|Any CPU
		{448801F0-0A8A-4718-94E8-27FC5B01BCA4}.Debug|Any CPU.ActiveCfg = Debug|Any CPU
		{448801F0-0A8A-4718-94E8-27FC5B01BCA4}.Debug|Any CPU.Build.0 = Debug|Any CPU
		{448801F0-0A8A-4718-94E8-27FC5B01BCA4}.Release|Any CPU.ActiveCfg = Release|Any CPU
		{448801F0-0A8A-4718-94E8-27FC5B01BCA4}.Release|Any CPU.Build.0 = Release|Any CPU
		{10C25E76-2AF1-42D7-B373-D982B66CEF8C}.Debug|Any CPU.ActiveCfg = Debug|Any CPU
		{10C25E76-2AF1-42D7-B373-D982B66CEF8C}.Debug|Any CPU.Build.0 = Debug|Any CPU
		{10C25E76-2AF1-42D7-B373-D982B66CEF8C}.Release|Any CPU.ActiveCfg = Release|Any CPU
		{10C25E76-2AF1-42D7-B373-D982B66CEF8C}.Release|Any CPU.Build.0 = Release|Any CPU
		{B4FF4C22-2C85-45FD-B6B5-A6C3E14B8257}.Debug|Any CPU.ActiveCfg = Debug|Any CPU
		{B4FF4C22-2C85-45FD-B6B5-A6C3E14B8257}.Debug|Any CPU.Build.0 = Debug|Any CPU
		{B4FF4C22-2C85-45FD-B6B5-A6C3E14B8257}.Release|Any CPU.ActiveCfg = Release|Any CPU
		{B4FF4C22-2C85-45FD-B6B5-A6C3E14B8257}.Release|Any CPU.Build.0 = Release|Any CPU
		{E17B55A3-0A21-4C68-AD27-C11931C928F9}.Debug|Any CPU.ActiveCfg = Debug|Any CPU
		{E17B55A3-0A21-4C68-AD27-C11931C928F9}.Debug|Any CPU.Build.0 = Debug|Any CPU
		{E17B55A3-0A21-4C68-AD27-C11931C928F9}.Release|Any CPU.ActiveCfg = Release|Any CPU
		{E17B55A3-0A21-4C68-AD27-C11931C928F9}.Release|Any CPU.Build.0 = Release|Any CPU
		{DF72CFEB-25DF-4D98-8428-0291BF7955DC}.Debug|Any CPU.ActiveCfg = Debug|Any CPU
		{DF72CFEB-25DF-4D98-8428-0291BF7955DC}.Debug|Any CPU.Build.0 = Debug|Any CPU
		{DF72CFEB-25DF-4D98-8428-0291BF7955DC}.Release|Any CPU.ActiveCfg = Release|Any CPU
		{DF72CFEB-25DF-4D98-8428-0291BF7955DC}.Release|Any CPU.Build.0 = Release|Any CPU
		{635E17F4-9406-4421-96B2-C27210159020}.Debug|Any CPU.ActiveCfg = Debug|Any CPU
		{635E17F4-9406-4421-96B2-C27210159020}.Debug|Any CPU.Build.0 = Debug|Any CPU
		{635E17F4-9406-4421-96B2-C27210159020}.Release|Any CPU.ActiveCfg = Release|Any CPU
		{635E17F4-9406-4421-96B2-C27210159020}.Release|Any CPU.Build.0 = Release|Any CPU
		{E09920BF-DBFD-46EC-80AD-DCF9C2AB44E6}.Debug|Any CPU.ActiveCfg = Debug|Any CPU
		{E09920BF-DBFD-46EC-80AD-DCF9C2AB44E6}.Debug|Any CPU.Build.0 = Debug|Any CPU
		{E09920BF-DBFD-46EC-80AD-DCF9C2AB44E6}.Release|Any CPU.ActiveCfg = Release|Any CPU
		{E09920BF-DBFD-46EC-80AD-DCF9C2AB44E6}.Release|Any CPU.Build.0 = Release|Any CPU
		{039D540E-2A76-4008-AB33-1119F72C8C74}.Debug|Any CPU.ActiveCfg = Debug|Any CPU
		{039D540E-2A76-4008-AB33-1119F72C8C74}.Debug|Any CPU.Build.0 = Debug|Any CPU
		{039D540E-2A76-4008-AB33-1119F72C8C74}.Release|Any CPU.ActiveCfg = Release|Any CPU
		{039D540E-2A76-4008-AB33-1119F72C8C74}.Release|Any CPU.Build.0 = Release|Any CPU
		{797B2039-ECF9-4FEC-AC0C-11AE7249EEA5}.Debug|Any CPU.ActiveCfg = Debug|Any CPU
		{797B2039-ECF9-4FEC-AC0C-11AE7249EEA5}.Debug|Any CPU.Build.0 = Debug|Any CPU
		{797B2039-ECF9-4FEC-AC0C-11AE7249EEA5}.Release|Any CPU.ActiveCfg = Release|Any CPU
		{797B2039-ECF9-4FEC-AC0C-11AE7249EEA5}.Release|Any CPU.Build.0 = Release|Any CPU
		{FC9ECE83-2CFA-45D0-8AC2-2881C0DA8CFF}.Debug|Any CPU.ActiveCfg = Debug|Any CPU
		{FC9ECE83-2CFA-45D0-8AC2-2881C0DA8CFF}.Debug|Any CPU.Build.0 = Debug|Any CPU
		{FC9ECE83-2CFA-45D0-8AC2-2881C0DA8CFF}.Release|Any CPU.ActiveCfg = Release|Any CPU
		{FC9ECE83-2CFA-45D0-8AC2-2881C0DA8CFF}.Release|Any CPU.Build.0 = Release|Any CPU
		{938711E2-F9FD-42D5-83E6-21463141D107}.Debug|Any CPU.ActiveCfg = Debug|Any CPU
		{938711E2-F9FD-42D5-83E6-21463141D107}.Debug|Any CPU.Build.0 = Debug|Any CPU
		{938711E2-F9FD-42D5-83E6-21463141D107}.Release|Any CPU.ActiveCfg = Release|Any CPU
		{938711E2-F9FD-42D5-83E6-21463141D107}.Release|Any CPU.Build.0 = Release|Any CPU
		{7B3FBAC2-A0B9-48B9-A1FD-45C06D329DD2}.Debug|Any CPU.ActiveCfg = Debug|Any CPU
		{7B3FBAC2-A0B9-48B9-A1FD-45C06D329DD2}.Debug|Any CPU.Build.0 = Debug|Any CPU
		{7B3FBAC2-A0B9-48B9-A1FD-45C06D329DD2}.Release|Any CPU.ActiveCfg = Release|Any CPU
		{7B3FBAC2-A0B9-48B9-A1FD-45C06D329DD2}.Release|Any CPU.Build.0 = Release|Any CPU
		{FE8BE4F9-FBC8-42F6-B5C0-E8B347E0A1C9}.Debug|Any CPU.ActiveCfg = Debug|Any CPU
		{FE8BE4F9-FBC8-42F6-B5C0-E8B347E0A1C9}.Debug|Any CPU.Build.0 = Debug|Any CPU
		{FE8BE4F9-FBC8-42F6-B5C0-E8B347E0A1C9}.Release|Any CPU.ActiveCfg = Release|Any CPU
		{FE8BE4F9-FBC8-42F6-B5C0-E8B347E0A1C9}.Release|Any CPU.Build.0 = Release|Any CPU
		{9C680080-E44B-40D1-B3F5-88C2D3B60FE5}.Debug|Any CPU.ActiveCfg = Debug|Any CPU
		{9C680080-E44B-40D1-B3F5-88C2D3B60FE5}.Debug|Any CPU.Build.0 = Debug|Any CPU
		{9C680080-E44B-40D1-B3F5-88C2D3B60FE5}.Release|Any CPU.ActiveCfg = Release|Any CPU
		{9C680080-E44B-40D1-B3F5-88C2D3B60FE5}.Release|Any CPU.Build.0 = Release|Any CPU
	EndGlobalSection
	GlobalSection(SolutionProperties) = preSolution
		HideSolutionNode = FALSE
	EndGlobalSection
	GlobalSection(ExtensibilityGlobals) = postSolution
		SolutionGuid = {967E5965-3333-496A-8085-B76794FDD397}
	EndGlobalSection
EndGlobal
