
Microsoft Visual Studio Solution File, Format Version 12.00
# Visual Studio Version 16
VisualStudioVersion = 16.0.29519.181
MinimumVisualStudioVersion = 10.0.40219.1
Project("{9A19103F-16F7-4668-BE54-9A1E7A4F7556}") = "1", "ConsoleApp1\1.csproj", "{0E9737BB-3B11-4369-930D-721A1868F742}"
EndProject
Project("{9A19103F-16F7-4668-BE54-9A1E7A4F7556}") = "2", "2\2.csproj", "{4CD818F0-32FC-4A19-9C0C-D6868116E0AD}"
EndProject
Project("{9A19103F-16F7-4668-BE54-9A1E7A4F7556}") = "3", "3\3.csproj", "{4BA55AB1-4591-4A0F-8DA6-4C5D49DD127A}"
EndProject
Project("{9A19103F-16F7-4668-BE54-9A1E7A4F7556}") = "4", "4\4.csproj", "{DFC743E6-11F5-43A2-86D2-7FA4799EA9A8}"
EndProject
Project("{9A19103F-16F7-4668-BE54-9A1E7A4F7556}") = "5", "5\5.csproj", "{650D31C5-F365-424E-9167-DE3F02D90B4F}"
EndProject
Project("{9A19103F-16F7-4668-BE54-9A1E7A4F7556}") = "6", "6\6.csproj", "{B70890AA-3A77-4F2C-83E1-63B5EA7AE309}"
EndProject
Project("{9A19103F-16F7-4668-BE54-9A1E7A4F7556}") = "7", "7\7.csproj", "{FA7E4E1D-9EEF-4350-A6A4-C851596E28BF}"
EndProject
Project("{9A19103F-16F7-4668-BE54-9A1E7A4F7556}") = "8", "8\8.csproj", "{4FACB6EA-DEBF-4F6D-87E2-BDD831C8E378}"
EndProject
Project("{9A19103F-16F7-4668-BE54-9A1E7A4F7556}") = "9", "9\9.csproj", "{3C73BD82-D80D-4258-BE6A-9E9692E878CC}"
EndProject
Project("{FAE04EC0-301F-11D3-BF4B-00C04F79EFBC}") = "10", "10\10.csproj", "{F988A632-DD2F-4A08-99C5-6471915D5EC6}"
EndProject
Project("{FAE04EC0-301F-11D3-BF4B-00C04F79EFBC}") = "11", "11\11.csproj", "{7A6ADA01-9A95-4441-A467-8E2854E2EFC3}"
EndProject
Project("{FAE04EC0-301F-11D3-BF4B-00C04F79EFBC}") = "12", "12\12.csproj", "{A756FA84-714A-41A7-83D0-F3486A272E9B}"
EndProject
Project("{FAE04EC0-301F-11D3-BF4B-00C04F79EFBC}") = "14", "14\14.csproj", "{9113BAB8-D676-418B-B5FD-3B4A1D48475E}"
EndProject
Project("{FAE04EC0-301F-11D3-BF4B-00C04F79EFBC}") = "13", "13\13.csproj", "{5FDF2104-3B1B-4EF5-9E48-FB1745F5BF65}"
EndProject
Project("{FAE04EC0-301F-11D3-BF4B-00C04F79EFBC}") = "15", "15\15.csproj", "{1DBC1B3C-3DF7-4156-81FB-E751A18EAE51}"
EndProject
Project("{FAE04EC0-301F-11D3-BF4B-00C04F79EFBC}") = "16", "16\16.csproj", "{0BD4BF31-E9B8-447E-A74F-BC955D801873}"
EndProject
Project("{FAE04EC0-301F-11D3-BF4B-00C04F79EFBC}") = "17", "17\17.csproj", "{415D287B-62A7-4FC2-8976-D35CA4AB657E}"
EndProject
Project("{FAE04EC0-301F-11D3-BF4B-00C04F79EFBC}") = "18", "18\18.csproj", "{363487D1-2305-4D29-94B7-030C93D7B1C4}"
EndProject
Project("{FAE04EC0-301F-11D3-BF4B-00C04F79EFBC}") = "19", "19\19.csproj", "{AC92CEAC-62BD-4DF7-B814-42422AD1846B}"
EndProject
Project("{FAE04EC0-301F-11D3-BF4B-00C04F79EFBC}") = "20", "20\20.csproj", "{7BA1D36B-30A5-4E38-BFB6-5E2F3A22DA20}"
EndProject
Global
	GlobalSection(SolutionConfigurationPlatforms) = preSolution
		Debug|Any CPU = Debug|Any CPU
		Release|Any CPU = Release|Any CPU
	EndGlobalSection
	GlobalSection(ProjectConfigurationPlatforms) = postSolution
		{0E9737BB-3B11-4369-930D-721A1868F742}.Debug|Any CPU.ActiveCfg = Debug|Any CPU
		{0E9737BB-3B11-4369-930D-721A1868F742}.Debug|Any CPU.Build.0 = Debug|Any CPU
		{0E9737BB-3B11-4369-930D-721A1868F742}.Release|Any CPU.ActiveCfg = Release|Any CPU
		{0E9737BB-3B11-4369-930D-721A1868F742}.Release|Any CPU.Build.0 = Release|Any CPU
		{4CD818F0-32FC-4A19-9C0C-D6868116E0AD}.Debug|Any CPU.ActiveCfg = Debug|Any CPU
		{4CD818F0-32FC-4A19-9C0C-D6868116E0AD}.Debug|Any CPU.Build.0 = Debug|Any CPU
		{4CD818F0-32FC-4A19-9C0C-D6868116E0AD}.Release|Any CPU.ActiveCfg = Release|Any CPU
		{4CD818F0-32FC-4A19-9C0C-D6868116E0AD}.Release|Any CPU.Build.0 = Release|Any CPU
		{4BA55AB1-4591-4A0F-8DA6-4C5D49DD127A}.Debug|Any CPU.ActiveCfg = Debug|Any CPU
		{4BA55AB1-4591-4A0F-8DA6-4C5D49DD127A}.Debug|Any CPU.Build.0 = Debug|Any CPU
		{4BA55AB1-4591-4A0F-8DA6-4C5D49DD127A}.Release|Any CPU.ActiveCfg = Release|Any CPU
		{4BA55AB1-4591-4A0F-8DA6-4C5D49DD127A}.Release|Any CPU.Build.0 = Release|Any CPU
		{DFC743E6-11F5-43A2-86D2-7FA4799EA9A8}.Debug|Any CPU.ActiveCfg = Debug|Any CPU
		{DFC743E6-11F5-43A2-86D2-7FA4799EA9A8}.Debug|Any CPU.Build.0 = Debug|Any CPU
		{DFC743E6-11F5-43A2-86D2-7FA4799EA9A8}.Release|Any CPU.ActiveCfg = Release|Any CPU
		{DFC743E6-11F5-43A2-86D2-7FA4799EA9A8}.Release|Any CPU.Build.0 = Release|Any CPU
		{650D31C5-F365-424E-9167-DE3F02D90B4F}.Debug|Any CPU.ActiveCfg = Debug|Any CPU
		{650D31C5-F365-424E-9167-DE3F02D90B4F}.Debug|Any CPU.Build.0 = Debug|Any CPU
		{650D31C5-F365-424E-9167-DE3F02D90B4F}.Release|Any CPU.ActiveCfg = Release|Any CPU
		{650D31C5-F365-424E-9167-DE3F02D90B4F}.Release|Any CPU.Build.0 = Release|Any CPU
		{B70890AA-3A77-4F2C-83E1-63B5EA7AE309}.Debug|Any CPU.ActiveCfg = Debug|Any CPU
		{B70890AA-3A77-4F2C-83E1-63B5EA7AE309}.Debug|Any CPU.Build.0 = Debug|Any CPU
		{B70890AA-3A77-4F2C-83E1-63B5EA7AE309}.Release|Any CPU.ActiveCfg = Release|Any CPU
		{B70890AA-3A77-4F2C-83E1-63B5EA7AE309}.Release|Any CPU.Build.0 = Release|Any CPU
		{FA7E4E1D-9EEF-4350-A6A4-C851596E28BF}.Debug|Any CPU.ActiveCfg = Debug|Any CPU
		{FA7E4E1D-9EEF-4350-A6A4-C851596E28BF}.Debug|Any CPU.Build.0 = Debug|Any CPU
		{FA7E4E1D-9EEF-4350-A6A4-C851596E28BF}.Release|Any CPU.ActiveCfg = Release|Any CPU
		{FA7E4E1D-9EEF-4350-A6A4-C851596E28BF}.Release|Any CPU.Build.0 = Release|Any CPU
		{4FACB6EA-DEBF-4F6D-87E2-BDD831C8E378}.Debug|Any CPU.ActiveCfg = Debug|Any CPU
		{4FACB6EA-DEBF-4F6D-87E2-BDD831C8E378}.Debug|Any CPU.Build.0 = Debug|Any CPU
		{4FACB6EA-DEBF-4F6D-87E2-BDD831C8E378}.Release|Any CPU.ActiveCfg = Release|Any CPU
		{4FACB6EA-DEBF-4F6D-87E2-BDD831C8E378}.Release|Any CPU.Build.0 = Release|Any CPU
		{3C73BD82-D80D-4258-BE6A-9E9692E878CC}.Debug|Any CPU.ActiveCfg = Debug|Any CPU
		{3C73BD82-D80D-4258-BE6A-9E9692E878CC}.Debug|Any CPU.Build.0 = Debug|Any CPU
		{3C73BD82-D80D-4258-BE6A-9E9692E878CC}.Release|Any CPU.ActiveCfg = Release|Any CPU
		{3C73BD82-D80D-4258-BE6A-9E9692E878CC}.Release|Any CPU.Build.0 = Release|Any CPU
		{F988A632-DD2F-4A08-99C5-6471915D5EC6}.Debug|Any CPU.ActiveCfg = Debug|Any CPU
		{F988A632-DD2F-4A08-99C5-6471915D5EC6}.Debug|Any CPU.Build.0 = Debug|Any CPU
		{F988A632-DD2F-4A08-99C5-6471915D5EC6}.Release|Any CPU.ActiveCfg = Release|Any CPU
		{F988A632-DD2F-4A08-99C5-6471915D5EC6}.Release|Any CPU.Build.0 = Release|Any CPU
		{7A6ADA01-9A95-4441-A467-8E2854E2EFC3}.Debug|Any CPU.ActiveCfg = Debug|Any CPU
		{7A6ADA01-9A95-4441-A467-8E2854E2EFC3}.Debug|Any CPU.Build.0 = Debug|Any CPU
		{7A6ADA01-9A95-4441-A467-8E2854E2EFC3}.Release|Any CPU.ActiveCfg = Release|Any CPU
		{7A6ADA01-9A95-4441-A467-8E2854E2EFC3}.Release|Any CPU.Build.0 = Release|Any CPU
		{A756FA84-714A-41A7-83D0-F3486A272E9B}.Debug|Any CPU.ActiveCfg = Debug|Any CPU
		{A756FA84-714A-41A7-83D0-F3486A272E9B}.Debug|Any CPU.Build.0 = Debug|Any CPU
		{A756FA84-714A-41A7-83D0-F3486A272E9B}.Release|Any CPU.ActiveCfg = Release|Any CPU
		{A756FA84-714A-41A7-83D0-F3486A272E9B}.Release|Any CPU.Build.0 = Release|Any CPU
		{9113BAB8-D676-418B-B5FD-3B4A1D48475E}.Debug|Any CPU.ActiveCfg = Debug|Any CPU
		{9113BAB8-D676-418B-B5FD-3B4A1D48475E}.Debug|Any CPU.Build.0 = Debug|Any CPU
		{9113BAB8-D676-418B-B5FD-3B4A1D48475E}.Release|Any CPU.ActiveCfg = Release|Any CPU
		{9113BAB8-D676-418B-B5FD-3B4A1D48475E}.Release|Any CPU.Build.0 = Release|Any CPU
		{5FDF2104-3B1B-4EF5-9E48-FB1745F5BF65}.Debug|Any CPU.ActiveCfg = Debug|Any CPU
		{5FDF2104-3B1B-4EF5-9E48-FB1745F5BF65}.Debug|Any CPU.Build.0 = Debug|Any CPU
		{5FDF2104-3B1B-4EF5-9E48-FB1745F5BF65}.Release|Any CPU.ActiveCfg = Release|Any CPU
		{5FDF2104-3B1B-4EF5-9E48-FB1745F5BF65}.Release|Any CPU.Build.0 = Release|Any CPU
		{1DBC1B3C-3DF7-4156-81FB-E751A18EAE51}.Debug|Any CPU.ActiveCfg = Debug|Any CPU
		{1DBC1B3C-3DF7-4156-81FB-E751A18EAE51}.Debug|Any CPU.Build.0 = Debug|Any CPU
		{1DBC1B3C-3DF7-4156-81FB-E751A18EAE51}.Release|Any CPU.ActiveCfg = Release|Any CPU
		{1DBC1B3C-3DF7-4156-81FB-E751A18EAE51}.Release|Any CPU.Build.0 = Release|Any CPU
		{0BD4BF31-E9B8-447E-A74F-BC955D801873}.Debug|Any CPU.ActiveCfg = Debug|Any CPU
		{0BD4BF31-E9B8-447E-A74F-BC955D801873}.Debug|Any CPU.Build.0 = Debug|Any CPU
		{0BD4BF31-E9B8-447E-A74F-BC955D801873}.Release|Any CPU.ActiveCfg = Release|Any CPU
		{0BD4BF31-E9B8-447E-A74F-BC955D801873}.Release|Any CPU.Build.0 = Release|Any CPU
		{415D287B-62A7-4FC2-8976-D35CA4AB657E}.Debug|Any CPU.ActiveCfg = Debug|Any CPU
		{415D287B-62A7-4FC2-8976-D35CA4AB657E}.Debug|Any CPU.Build.0 = Debug|Any CPU
		{415D287B-62A7-4FC2-8976-D35CA4AB657E}.Release|Any CPU.ActiveCfg = Release|Any CPU
		{415D287B-62A7-4FC2-8976-D35CA4AB657E}.Release|Any CPU.Build.0 = Release|Any CPU
		{363487D1-2305-4D29-94B7-030C93D7B1C4}.Debug|Any CPU.ActiveCfg = Debug|Any CPU
		{363487D1-2305-4D29-94B7-030C93D7B1C4}.Debug|Any CPU.Build.0 = Debug|Any CPU
		{363487D1-2305-4D29-94B7-030C93D7B1C4}.Release|Any CPU.ActiveCfg = Release|Any CPU
		{363487D1-2305-4D29-94B7-030C93D7B1C4}.Release|Any CPU.Build.0 = Release|Any CPU
		{AC92CEAC-62BD-4DF7-B814-42422AD1846B}.Debug|Any CPU.ActiveCfg = Debug|Any CPU
		{AC92CEAC-62BD-4DF7-B814-42422AD1846B}.Debug|Any CPU.Build.0 = Debug|Any CPU
		{AC92CEAC-62BD-4DF7-B814-42422AD1846B}.Release|Any CPU.ActiveCfg = Release|Any CPU
		{AC92CEAC-62BD-4DF7-B814-42422AD1846B}.Release|Any CPU.Build.0 = Release|Any CPU
		{7BA1D36B-30A5-4E38-BFB6-5E2F3A22DA20}.Debug|Any CPU.ActiveCfg = Debug|Any CPU
		{7BA1D36B-30A5-4E38-BFB6-5E2F3A22DA20}.Debug|Any CPU.Build.0 = Debug|Any CPU
		{7BA1D36B-30A5-4E38-BFB6-5E2F3A22DA20}.Release|Any CPU.ActiveCfg = Release|Any CPU
		{7BA1D36B-30A5-4E38-BFB6-5E2F3A22DA20}.Release|Any CPU.Build.0 = Release|Any CPU
	EndGlobalSection
	GlobalSection(SolutionProperties) = preSolution
		HideSolutionNode = FALSE
	EndGlobalSection
	GlobalSection(ExtensibilityGlobals) = postSolution
		SolutionGuid = {4B473A8F-7FD2-45F6-8F57-B668F09814D0}
	EndGlobalSection
EndGlobal
