
Microsoft Visual Studio Solution File, Format Version 12.00
# Visual Studio Version 16
VisualStudioVersion = 16.0.29519.181
MinimumVisualStudioVersion = 10.0.40219.1
Project("{FAE04EC0-301F-11D3-BF4B-00C04F79EFBC}") = "1", "ConsoleApp1\1.csproj", "{1190872F-2E4F-4674-A266-E1E34F7D3A96}"
EndProject
Project("{FAE04EC0-301F-11D3-BF4B-00C04F79EFBC}") = "2", "2\2.csproj", "{7827716F-75F4-433B-93FD-44C6FBC3BDC1}"
EndProject
Project("{FAE04EC0-301F-11D3-BF4B-00C04F79EFBC}") = "3", "3\3.csproj", "{2A1864D1-E14C-4DC7-A9BC-C05F9A61A7B1}"
EndProject
Project("{FAE04EC0-301F-11D3-BF4B-00C04F79EFBC}") = "4", "4\4.csproj", "{9F0CC1C8-E569-42B8-BB10-C0FCF9E9E795}"
EndProject
Project("{FAE04EC0-301F-11D3-BF4B-00C04F79EFBC}") = "5", "5\5.csproj", "{0634CF3B-9284-4281-96F4-2200FE7B80EA}"
EndProject
Project("{FAE04EC0-301F-11D3-BF4B-00C04F79EFBC}") = "7", "7\7.csproj", "{61C3907C-34D8-4B37-84A2-7752A65B9A6D}"
EndProject
Project("{FAE04EC0-301F-11D3-BF4B-00C04F79EFBC}") = "6", "6\6.csproj", "{15402B83-60FA-485D-90E4-E381A2D79B4E}"
EndProject
Project("{FAE04EC0-301F-11D3-BF4B-00C04F79EFBC}") = "8", "8\8.csproj", "{6AD39ED3-62CC-4C5B-B65A-49D0A7D698FC}"
EndProject
Project("{FAE04EC0-301F-11D3-BF4B-00C04F79EFBC}") = "9", "9\9.csproj", "{24725D1F-12BF-4FBE-815D-3C01D3E92B12}"
EndProject
Project("{FAE04EC0-301F-11D3-BF4B-00C04F79EFBC}") = "16", "10\16.csproj", "{D8B03E23-213F-4E11-8A05-560B03274F95}"
EndProject
Project("{FAE04EC0-301F-11D3-BF4B-00C04F79EFBC}") = "11", "11\11.csproj", "{6AC82F9D-93B6-4DC3-AD89-905731E42BC8}"
EndProject
Project("{FAE04EC0-301F-11D3-BF4B-00C04F79EFBC}") = "12", "12\12.csproj", "{759717B4-E57E-4225-8655-9AFA59D3BAA1}"
EndProject
Project("{FAE04EC0-301F-11D3-BF4B-00C04F79EFBC}") = "13", "13\13.csproj", "{88D62C08-95E5-42E0-93D7-8F4C7AC3B646}"
EndProject
Project("{FAE04EC0-301F-11D3-BF4B-00C04F79EFBC}") = "17", "17\17.csproj", "{167D6967-C809-4173-9BF8-AAA2BABF958A}"
EndProject
Global
	GlobalSection(SolutionConfigurationPlatforms) = preSolution
		Debug|Any CPU = Debug|Any CPU
		Release|Any CPU = Release|Any CPU
	EndGlobalSection
	GlobalSection(ProjectConfigurationPlatforms) = postSolution
		{1190872F-2E4F-4674-A266-E1E34F7D3A96}.Debug|Any CPU.ActiveCfg = Debug|Any CPU
		{1190872F-2E4F-4674-A266-E1E34F7D3A96}.Debug|Any CPU.Build.0 = Debug|Any CPU
		{1190872F-2E4F-4674-A266-E1E34F7D3A96}.Release|Any CPU.ActiveCfg = Release|Any CPU
		{1190872F-2E4F-4674-A266-E1E34F7D3A96}.Release|Any CPU.Build.0 = Release|Any CPU
		{7827716F-75F4-433B-93FD-44C6FBC3BDC1}.Debug|Any CPU.ActiveCfg = Debug|Any CPU
		{7827716F-75F4-433B-93FD-44C6FBC3BDC1}.Debug|Any CPU.Build.0 = Debug|Any CPU
		{7827716F-75F4-433B-93FD-44C6FBC3BDC1}.Release|Any CPU.ActiveCfg = Release|Any CPU
		{7827716F-75F4-433B-93FD-44C6FBC3BDC1}.Release|Any CPU.Build.0 = Release|Any CPU
		{2A1864D1-E14C-4DC7-A9BC-C05F9A61A7B1}.Debug|Any CPU.ActiveCfg = Debug|Any CPU
		{2A1864D1-E14C-4DC7-A9BC-C05F9A61A7B1}.Debug|Any CPU.Build.0 = Debug|Any CPU
		{2A1864D1-E14C-4DC7-A9BC-C05F9A61A7B1}.Release|Any CPU.ActiveCfg = Release|Any CPU
		{2A1864D1-E14C-4DC7-A9BC-C05F9A61A7B1}.Release|Any CPU.Build.0 = Release|Any CPU
		{9F0CC1C8-E569-42B8-BB10-C0FCF9E9E795}.Debug|Any CPU.ActiveCfg = Debug|Any CPU
		{9F0CC1C8-E569-42B8-BB10-C0FCF9E9E795}.Debug|Any CPU.Build.0 = Debug|Any CPU
		{9F0CC1C8-E569-42B8-BB10-C0FCF9E9E795}.Release|Any CPU.ActiveCfg = Release|Any CPU
		{9F0CC1C8-E569-42B8-BB10-C0FCF9E9E795}.Release|Any CPU.Build.0 = Release|Any CPU
		{0634CF3B-9284-4281-96F4-2200FE7B80EA}.Debug|Any CPU.ActiveCfg = Debug|Any CPU
		{0634CF3B-9284-4281-96F4-2200FE7B80EA}.Debug|Any CPU.Build.0 = Debug|Any CPU
		{0634CF3B-9284-4281-96F4-2200FE7B80EA}.Release|Any CPU.ActiveCfg = Release|Any CPU
		{0634CF3B-9284-4281-96F4-2200FE7B80EA}.Release|Any CPU.Build.0 = Release|Any CPU
		{61C3907C-34D8-4B37-84A2-7752A65B9A6D}.Debug|Any CPU.ActiveCfg = Debug|Any CPU
		{61C3907C-34D8-4B37-84A2-7752A65B9A6D}.Debug|Any CPU.Build.0 = Debug|Any CPU
		{61C3907C-34D8-4B37-84A2-7752A65B9A6D}.Release|Any CPU.ActiveCfg = Release|Any CPU
		{61C3907C-34D8-4B37-84A2-7752A65B9A6D}.Release|Any CPU.Build.0 = Release|Any CPU
		{15402B83-60FA-485D-90E4-E381A2D79B4E}.Debug|Any CPU.ActiveCfg = Debug|Any CPU
		{15402B83-60FA-485D-90E4-E381A2D79B4E}.Debug|Any CPU.Build.0 = Debug|Any CPU
		{15402B83-60FA-485D-90E4-E381A2D79B4E}.Release|Any CPU.ActiveCfg = Release|Any CPU
		{15402B83-60FA-485D-90E4-E381A2D79B4E}.Release|Any CPU.Build.0 = Release|Any CPU
		{6AD39ED3-62CC-4C5B-B65A-49D0A7D698FC}.Debug|Any CPU.ActiveCfg = Debug|Any CPU
		{6AD39ED3-62CC-4C5B-B65A-49D0A7D698FC}.Debug|Any CPU.Build.0 = Debug|Any CPU
		{6AD39ED3-62CC-4C5B-B65A-49D0A7D698FC}.Release|Any CPU.ActiveCfg = Release|Any CPU
		{6AD39ED3-62CC-4C5B-B65A-49D0A7D698FC}.Release|Any CPU.Build.0 = Release|Any CPU
		{24725D1F-12BF-4FBE-815D-3C01D3E92B12}.Debug|Any CPU.ActiveCfg = Debug|Any CPU
		{24725D1F-12BF-4FBE-815D-3C01D3E92B12}.Debug|Any CPU.Build.0 = Debug|Any CPU
		{24725D1F-12BF-4FBE-815D-3C01D3E92B12}.Release|Any CPU.ActiveCfg = Release|Any CPU
		{24725D1F-12BF-4FBE-815D-3C01D3E92B12}.Release|Any CPU.Build.0 = Release|Any CPU
		{D8B03E23-213F-4E11-8A05-560B03274F95}.Debug|Any CPU.ActiveCfg = Debug|Any CPU
		{D8B03E23-213F-4E11-8A05-560B03274F95}.Debug|Any CPU.Build.0 = Debug|Any CPU
		{D8B03E23-213F-4E11-8A05-560B03274F95}.Release|Any CPU.ActiveCfg = Release|Any CPU
		{D8B03E23-213F-4E11-8A05-560B03274F95}.Release|Any CPU.Build.0 = Release|Any CPU
		{6AC82F9D-93B6-4DC3-AD89-905731E42BC8}.Debug|Any CPU.ActiveCfg = Debug|Any CPU
		{6AC82F9D-93B6-4DC3-AD89-905731E42BC8}.Debug|Any CPU.Build.0 = Debug|Any CPU
		{6AC82F9D-93B6-4DC3-AD89-905731E42BC8}.Release|Any CPU.ActiveCfg = Release|Any CPU
		{6AC82F9D-93B6-4DC3-AD89-905731E42BC8}.Release|Any CPU.Build.0 = Release|Any CPU
		{759717B4-E57E-4225-8655-9AFA59D3BAA1}.Debug|Any CPU.ActiveCfg = Debug|Any CPU
		{759717B4-E57E-4225-8655-9AFA59D3BAA1}.Debug|Any CPU.Build.0 = Debug|Any CPU
		{759717B4-E57E-4225-8655-9AFA59D3BAA1}.Release|Any CPU.ActiveCfg = Release|Any CPU
		{759717B4-E57E-4225-8655-9AFA59D3BAA1}.Release|Any CPU.Build.0 = Release|Any CPU
		{88D62C08-95E5-42E0-93D7-8F4C7AC3B646}.Debug|Any CPU.ActiveCfg = Debug|Any CPU
		{88D62C08-95E5-42E0-93D7-8F4C7AC3B646}.Debug|Any CPU.Build.0 = Debug|Any CPU
		{88D62C08-95E5-42E0-93D7-8F4C7AC3B646}.Release|Any CPU.ActiveCfg = Release|Any CPU
		{88D62C08-95E5-42E0-93D7-8F4C7AC3B646}.Release|Any CPU.Build.0 = Release|Any CPU
		{167D6967-C809-4173-9BF8-AAA2BABF958A}.Debug|Any CPU.ActiveCfg = Debug|Any CPU
		{167D6967-C809-4173-9BF8-AAA2BABF958A}.Debug|Any CPU.Build.0 = Debug|Any CPU
		{167D6967-C809-4173-9BF8-AAA2BABF958A}.Release|Any CPU.ActiveCfg = Release|Any CPU
		{167D6967-C809-4173-9BF8-AAA2BABF958A}.Release|Any CPU.Build.0 = Release|Any CPU
	EndGlobalSection
	GlobalSection(SolutionProperties) = preSolution
		HideSolutionNode = FALSE
	EndGlobalSection
	GlobalSection(ExtensibilityGlobals) = postSolution
		SolutionGuid = {E69D7D3B-CD40-4100-BAF5-E0C51F52A0EE}
	EndGlobalSection
EndGlobal
